{
    "_readme": [
        "This file locks the dependencies of your project to a known state",
        "Read more about it at https://getcomposer.org/doc/01-basic-usage.md#installing-dependencies",
        "This file is @generated automatically"
    ],
    "content-hash": "ee8ce53015ad84cfe8993345e768ae41",
    "packages": [
        {
            "name": "almasaeed2010/adminlte",
            "version": "v2.4.3",
            "source": {
                "type": "git",
                "url": "https://github.com/ColorlibHQ/AdminLTE.git",
                "reference": "b3acb63ac56b13eb45b36e628b384a9a2507b50e"
            },
            "dist": {
                "type": "zip",
                "url": "https://api.github.com/repos/ColorlibHQ/AdminLTE/zipball/b3acb63ac56b13eb45b36e628b384a9a2507b50e",
                "reference": "b3acb63ac56b13eb45b36e628b384a9a2507b50e",
                "shasum": ""
            },
            "require": {
                "composer/installers": "1.*"
            },
            "type": "template",
            "notification-url": "https://packagist.org/downloads/",
            "license": [
                "MIT"
            ],
            "authors": [
                {
                    "name": "Abdullah Almsaeed",
                    "email": "abdullah@almsaeedstudio.com"
                }
            ],
            "description": "AdminLTE - admin control panel and dashboard that's based on Bootstrap 3",
            "homepage": "https://adminlte.io/",
            "keywords": [
                "JS",
                "admin",
                "back-end",
                "css",
                "less",
                "responsive",
                "template",
                "theme",
                "web"
            ],
            "support": {
                "issues": "https://github.com/almasaeed2010/AdminLTE/issues",
                "source": "https://github.com/ColorlibHQ/AdminLTE/tree/v2.4.3"
            },
            "time": "2018-02-04T12:54:57+00:00"
        },
        {
            "name": "composer/installers",
            "version": "v1.10.0",
            "source": {
                "type": "git",
                "url": "https://github.com/composer/installers.git",
                "reference": "1a0357fccad9d1cc1ea0c9a05b8847fbccccb78d"
            },
            "dist": {
                "type": "zip",
                "url": "https://api.github.com/repos/composer/installers/zipball/1a0357fccad9d1cc1ea0c9a05b8847fbccccb78d",
                "reference": "1a0357fccad9d1cc1ea0c9a05b8847fbccccb78d",
                "shasum": ""
            },
            "require": {
                "composer-plugin-api": "^1.0 || ^2.0"
            },
            "replace": {
                "roundcube/plugin-installer": "*",
                "shama/baton": "*"
            },
            "require-dev": {
                "composer/composer": "1.6.* || ^2.0",
                "composer/semver": "^1 || ^3",
                "phpstan/phpstan": "^0.12.55",
                "phpstan/phpstan-phpunit": "^0.12.16",
                "symfony/phpunit-bridge": "^4.2 || ^5",
                "symfony/process": "^2.3"
            },
            "type": "composer-plugin",
            "extra": {
                "class": "Composer\\Installers\\Plugin",
                "branch-alias": {
                    "dev-main": "1.x-dev"
                }
            },
            "autoload": {
                "psr-4": {
                    "Composer\\Installers\\": "src/Composer/Installers"
                }
            },
            "notification-url": "https://packagist.org/downloads/",
            "license": [
                "MIT"
            ],
            "authors": [
                {
                    "name": "Kyle Robinson Young",
                    "email": "kyle@dontkry.com",
                    "homepage": "https://github.com/shama"
                }
            ],
            "description": "A multi-framework Composer library installer",
            "homepage": "https://composer.github.io/installers/",
            "keywords": [
                "Craft",
                "Dolibarr",
                "Eliasis",
                "Hurad",
                "ImageCMS",
                "Kanboard",
                "Lan Management System",
                "MODX Evo",
                "MantisBT",
                "Mautic",
                "Maya",
                "OXID",
                "Plentymarkets",
                "Porto",
                "RadPHP",
                "SMF",
                "Starbug",
                "Thelia",
                "Whmcs",
                "WolfCMS",
                "agl",
                "aimeos",
                "annotatecms",
                "attogram",
                "bitrix",
                "cakephp",
                "chef",
                "cockpit",
                "codeigniter",
                "concrete5",
                "croogo",
                "dokuwiki",
                "drupal",
                "eZ Platform",
                "elgg",
                "expressionengine",
                "fuelphp",
                "grav",
                "installer",
                "itop",
                "joomla",
                "known",
                "kohana",
                "laravel",
                "lavalite",
                "lithium",
                "magento",
                "majima",
                "mako",
                "mediawiki",
                "modulework",
                "modx",
                "moodle",
                "osclass",
                "phpbb",
                "piwik",
                "ppi",
                "processwire",
                "puppet",
                "pxcms",
                "reindex",
                "roundcube",
                "shopware",
                "silverstripe",
                "sydes",
                "sylius",
                "symfony",
                "typo3",
                "wordpress",
                "yawik",
                "zend",
                "zikula"
            ],
            "support": {
                "issues": "https://github.com/composer/installers/issues",
                "source": "https://github.com/composer/installers/tree/v1.10.0"
            },
            "funding": [
                {
                    "url": "https://packagist.com",
                    "type": "custom"
                },
                {
                    "url": "https://github.com/composer",
                    "type": "github"
                },
                {
                    "url": "https://tidelift.com/funding/github/packagist/composer/composer",
                    "type": "tidelift"
                }
            ],
            "time": "2021-01-14T11:07:16+00:00"
        },
        {
            "name": "twbs/bootstrap",
            "version": "v4.6.0",
            "source": {
                "type": "git",
                "url": "https://github.com/twbs/bootstrap.git",
                "reference": "6ffb0b48e455430f8a5359ed689ad64c1143fac2"
            },
            "dist": {
                "type": "zip",
                "url": "https://api.github.com/repos/twbs/bootstrap/zipball/6ffb0b48e455430f8a5359ed689ad64c1143fac2",
                "reference": "6ffb0b48e455430f8a5359ed689ad64c1143fac2",
                "shasum": ""
            },
            "replace": {
                "twitter/bootstrap": "self.version"
            },
            "type": "library",
            "extra": {
                "branch-alias": {
                    "dev-master": "3.3.x-dev"
                }
            },
            "notification-url": "https://packagist.org/downloads/",
            "license": [
                "MIT"
            ],
            "authors": [
                {
                    "name": "Mark Otto",
                    "email": "markdotto@gmail.com"
                },
                {
                    "name": "Jacob Thornton",
                    "email": "jacobthornton@gmail.com"
                }
            ],
            "description": "The most popular front-end framework for developing responsive, mobile first projects on the web.",
            "homepage": "https://getbootstrap.com/",
            "keywords": [
                "JS",
                "css",
                "framework",
                "front-end",
                "mobile-first",
                "responsive",
                "sass",
                "web"
            ],
            "support": {
                "issues": "https://github.com/twbs/bootstrap/issues",
                "source": "https://github.com/twbs/bootstrap/tree/v4.6.0"
            },
            "funding": [
                {
                    "url": "https://opencollective.com/bootstrap",
                    "type": "open_collective"
                }
            ],
            "time": "2021-01-19T16:16:38+00:00"
        }
    ],
    "packages-dev": [],
    "aliases": [],
    "minimum-stability": "stable",
    "stability-flags": [],
    "prefer-stable": false,
    "prefer-lowest": false,
    "platform": [],
    "platform-dev": [],
    "plugin-api-version": "2.0.0"
}
